
Microsoft Visual Studio Solution File, Format Version 12.00
Project("{FAE04EC0-301F-11D3-BF4B-00C04F79EFBC}") = "blazor-server-template", "blazor-server-template.csproj", "{A18E6E1B-3018-4D2B-8E87-67D9740B977B}"
EndProject
Project("{2150E333-8FDC-42A3-9474-1A3956D46DE8}") = "Solution Items", "Solution Items", "{5143DACD-AD8A-47AD-95A4-F11374C4B48F}"
	ProjectSection(SolutionItems) = preProject
		compose.yaml = compose.yaml
	EndProjectSection
EndProject
Global
	GlobalSection(SolutionConfigurationPlatforms) = preSolution
		Debug|Any CPU = Debug|Any CPU
		Release|Any CPU = Release|Any CPU
	EndGlobalSection
	GlobalSection(ProjectConfigurationPlatforms) = postSolution
		{A18E6E1B-3018-4D2B-8E87-67D9740B977B}.Debug|Any CPU.ActiveCfg = Debug|Any CPU
		{A18E6E1B-3018-4D2B-8E87-67D9740B977B}.Debug|Any CPU.Build.0 = Debug|Any CPU
		{A18E6E1B-3018-4D2B-8E87-67D9740B977B}.Release|Any CPU.ActiveCfg = Release|Any CPU
		{A18E6E1B-3018-4D2B-8E87-67D9740B977B}.Release|Any CPU.Build.0 = Release|Any CPU
	EndGlobalSection
EndGlobal
